{
  "name": "midnight-train-app",
  "requires": true,
  "lockfileVersion": 1,
  "dependencies": {
    "@fortawesome/fontawesome-common-types": {
      "version": "0.2.26",
      "resolved": "https://registry.npmjs.org/@fortawesome/fontawesome-common-types/-/fontawesome-common-types-0.2.26.tgz",
      "integrity": "sha512-CcM/fIFwZlRdiWG/25xE/wHbtyUuCtqoCTrr6BsWw7hH072fR++n4L56KPydAr3ANgMJMjT8v83ZFIsDc7kE+A=="
    },
    "@fortawesome/fontawesome-svg-core": {
      "version": "1.2.26",
      "resolved": "https://registry.npmjs.org/@fortawesome/fontawesome-svg-core/-/fontawesome-svg-core-1.2.26.tgz",
      "integrity": "sha512-3Dfd/v2IztP1TxKOxZiB5+4kaOZK9mNy0KU1vVK7nFlPWz3gzxrCWB+AloQhQUoJ8HhGqbzjliK89Vl7PExGbw==",
      "requires": {
        "@fortawesome/fontawesome-common-types": "^0.2.26"
      }
    },
    "@fortawesome/free-solid-svg-icons": {
      "version": "5.12.0",
      "resolved": "https://registry.npmjs.org/@fortawesome/free-solid-svg-icons/-/free-solid-svg-icons-5.12.0.tgz",
      "integrity": "sha512-CnpsWs6GhTs9ekNB3d8rcO5HYqRkXbYKf2YNiAlTWbj5eVlPqsd/XH1F9If8jkcR1aegryAbln/qYeKVZzpM0g==",
      "requires": {
        "@fortawesome/fontawesome-common-types": "^0.2.26"
      }
    },
    "@fortawesome/react-fontawesome": {
      "version": "0.1.8",
      "resolved": "https://registry.npmjs.org/@fortawesome/react-fontawesome/-/react-fontawesome-0.1.8.tgz",
      "integrity": "sha512-I5h9YQg/ePA3Br9ISS18fcwOYmzQYDSM1ftH03/8nHkiqIVHtUyQBw482+60dnzvlr82gHt3mGm+nDUp159FCw==",
      "requires": {
        "prop-types": "^15.5.10"
      }
    },
    "@reach/router": {
      "version": "1.2.1",
      "resolved": "https://registry.npmjs.org/@reach/router/-/router-1.2.1.tgz",
      "integrity": "sha512-kTaX08X4g27tzIFQGRukaHmNbtMYDS3LEWIS8+l6OayGIw6Oyo1HIF/JzeuR2FoF9z6oV+x/wJSVSq4v8tcUGQ==",
      "requires": {
        "create-react-context": "^0.2.1",
        "invariant": "^2.2.3",
        "prop-types": "^15.6.1",
        "react-lifecycles-compat": "^3.0.4",
        "warning": "^3.0.0"
      }
    },
    "@types/history": {
      "version": "4.7.3",
      "resolved": "https://registry.npmjs.org/@types/history/-/history-4.7.3.tgz",
      "integrity": "sha512-cS5owqtwzLN5kY+l+KgKdRJ/Cee8tlmQoGQuIE9tWnSmS3JMKzmxo2HIAk2wODMifGwO20d62xZQLYz+RLfXmw==",
      "dev": true
    },
    "@types/prop-types": {
      "version": "15.7.3",
      "resolved": "https://registry.npmjs.org/@types/prop-types/-/prop-types-15.7.3.tgz",
      "integrity": "sha512-KfRL3PuHmqQLOG+2tGpRO26Ctg+Cq1E01D2DMriKEATHgWLfeNDmq9e29Q9WIky0dQ3NPkd1mzYH8Lm936Z9qw==",
      "dev": true
    },
    "@types/reach__router": {
      "version": "1.2.6",
      "resolved": "https://registry.npmjs.org/@types/reach__router/-/reach__router-1.2.6.tgz",
      "integrity": "sha512-Oh5DAVr/L2svBvubw6QEFpXGu295Y406BPs4i9t1n2pp7M+q3pmCmhzb9oZV5wncR41KCD3NHl1Yhi7uKnTPsA==",
      "dev": true,
      "requires": {
        "@types/history": "*",
        "@types/react": "*"
      }
    },
    "@types/react": {
      "version": "16.9.17",
      "resolved": "https://registry.npmjs.org/@types/react/-/react-16.9.17.tgz",
      "integrity": "sha512-UP27In4fp4sWF5JgyV6pwVPAQM83Fj76JOcg02X5BZcpSu5Wx+fP9RMqc2v0ssBoQIFvD5JdKY41gjJJKmw6Bg==",
      "dev": true,
      "requires": {
        "@types/prop-types": "*",
        "csstype": "^2.2.0"
      }
    },
    "@types/react-dom": {
      "version": "16.9.4",
      "resolved": "https://registry.npmjs.org/@types/react-dom/-/react-dom-16.9.4.tgz",
      "integrity": "sha512-fya9xteU/n90tda0s+FtN5Ym4tbgxpq/hb/Af24dvs6uYnYn+fspaxw5USlw0R8apDNwxsqumdRoCoKitckQqw==",
      "dev": true,
      "requires": {
        "@types/react": "*"
      }
    },
    "@types/react-fontawesome": {
      "version": "1.6.4",
      "resolved": "https://registry.npmjs.org/@types/react-fontawesome/-/react-fontawesome-1.6.4.tgz",
      "integrity": "sha512-/fHr+BoUX+3MYpCkb8a+Bpt+Je2/0FgFi1XSaHH0ga1hqMy5PS7Ny/XV0Qh5cJHeKvkONbKWPSwgPlqK7UtdqA==",
      "dev": true,
      "requires": {
        "@types/react": "*"
      }
    },
    "@types/workbox-background-sync": {
      "version": "4.3.0",
      "resolved": "https://registry.npmjs.org/@types/workbox-background-sync/-/workbox-background-sync-4.3.0.tgz",
      "integrity": "sha512-3gter5CYDlJk2eHohMdl/s9IKjdRzUw5EN6J2wxvmwFu4Sy+OIqvPFKrDy5DMmtHCVlQbEJFGk8xJf2OOQvjNQ==",
      "dev": true,
      "requires": {
        "@types/workbox-core": "*"
      }
    },
    "@types/workbox-broadcast-update": {
      "version": "4.3.0",
      "resolved": "https://registry.npmjs.org/@types/workbox-broadcast-update/-/workbox-broadcast-update-4.3.0.tgz",
      "integrity": "sha512-YSaXuGLknt1Apl/fZUMAB9BwKqpzZCi/HmpSJ/McTM9UihXzz+MFbv5Pxy+hFhKnu/YFxblAZvH6x2pOeylJFA==",
      "dev": true,
      "requires": {
        "@types/workbox-core": "*"
      }
    },
    "@types/workbox-cacheable-response": {
      "version": "4.3.0",
      "resolved": "https://registry.npmjs.org/@types/workbox-cacheable-response/-/workbox-cacheable-response-4.3.0.tgz",
      "integrity": "sha512-zY6dLWlmbIf6mQvUOR8qD8gz2EfmJ+/KjGQl/NMcsk3OBwLGCRnxVlOAiUrFsHRZSnUMo6gip1lwLOEvUjPIRQ==",
      "dev": true,
      "requires": {
        "@types/workbox-core": "*"
      }
    },
    "@types/workbox-core": {
      "version": "4.3.0",
      "resolved": "https://registry.npmjs.org/@types/workbox-core/-/workbox-core-4.3.0.tgz",
      "integrity": "sha512-0Tn2bbwYu+Exsp4L3lBA2voRi/7m+6qjgGIs4Lw3Hdm8+7caxAVRra6imkd9Wl3DmK0tKPHinKuo+ElXuqUvlg==",
      "dev": true
    },
    "@types/workbox-expiration": {
      "version": "4.3.0",
      "resolved": "https://registry.npmjs.org/@types/workbox-expiration/-/workbox-expiration-4.3.0.tgz",
      "integrity": "sha512-fxPC5w+LNAn6ddQXKe84j9+C7bwNcMplw/QvnHjzAuTFW/oHC/8geHKTs4aoIMjUdRJrtFND5/lthivBynWwJw==",
      "dev": true,
      "requires": {
        "@types/workbox-core": "*"
      }
    },
    "@types/workbox-google-analytics": {
      "version": "4.3.0",
      "resolved": "https://registry.npmjs.org/@types/workbox-google-analytics/-/workbox-google-analytics-4.3.0.tgz",
      "integrity": "sha512-0XEhUYRh4WLVKYkGaLZhwM7rDZjy2RqxYfJr2b7OuRLadRgiK2XPso1uwGi1l4oXqlt8Ya3alyFDfKt54pm3QQ==",
      "dev": true
    },
    "@types/workbox-navigation-preload": {
      "version": "4.3.0",
      "resolved": "https://registry.npmjs.org/@types/workbox-navigation-preload/-/workbox-navigation-preload-4.3.0.tgz",
      "integrity": "sha512-yv4iMch2cM1rW2GTFjtEHAmUJfYtWnHENdR9TrjziO47czDSulLU/UzflmS/L9alQNP7GyHpegDWBJwtKad/Mg==",
      "dev": true
    },
    "@types/workbox-precaching": {
      "version": "4.3.0",
      "resolved": "https://registry.npmjs.org/@types/workbox-precaching/-/workbox-precaching-4.3.0.tgz",
      "integrity": "sha512-nnnFemK7X6kfJi7u3cZ2qkHCsWFJn+AUtBgBb8UJB7VxongJsBK/QTVbmMGhvIXBb/xkRpoa52VI2rtZLoB3hA==",
      "dev": true,
      "requires": {
        "@types/workbox-core": "*"
      }
    },
    "@types/workbox-range-requests": {
      "version": "4.3.0",
      "resolved": "https://registry.npmjs.org/@types/workbox-range-requests/-/workbox-range-requests-4.3.0.tgz",
      "integrity": "sha512-IlZcWZtGlpT4OhEdCdWeMkHHOO5yVwDqmuJq1WtgtjyIwm/mwwVPYGLVeVOE62m8sQ2L9Ziqfem2h9UmabBDmg==",
      "dev": true,
      "requires": {
        "@types/workbox-core": "*"
      }
    },
    "@types/workbox-routing": {
      "version": "4.3.0",
      "resolved": "https://registry.npmjs.org/@types/workbox-routing/-/workbox-routing-4.3.0.tgz",
      "integrity": "sha512-op5P/f6n+9g5X4a+sYONp9EALnNxpoU3oXuB/BjeQv9d+k0bNE4LYSF06K6tXYL4PeCIZVJOi4yMCUCOi2NaqQ==",
      "dev": true
    },
    "@types/workbox-strategies": {
      "version": "4.3.0",
      "resolved": "https://registry.npmjs.org/@types/workbox-strategies/-/workbox-strategies-4.3.0.tgz",
      "integrity": "sha512-QTQQOZK2qNy24jXLt83SlqEmuEaQcubQ23515OFDBUpyVow2cYpxF2vzH3fEx7kIXQO/OS1UFNriTEitCHyxyA==",
      "dev": true,
      "requires": {
        "@types/workbox-core": "*",
        "@types/workbox-routing": "*"
      }
    },
    "@types/workbox-streams": {
      "version": "4.3.0",
      "resolved": "https://registry.npmjs.org/@types/workbox-streams/-/workbox-streams-4.3.0.tgz",
      "integrity": "sha512-PYI7eAOQ9Dj/cu/WcROOfSsn29pC9gjCudK+hQBSWgAaxfHBmNFQGh7EvtZ3BzOJhjj3O0pEV5l6aA55oBRxBQ==",
      "dev": true,
      "requires": {
        "@types/workbox-routing": "*"
      }
    },
    "@types/workbox-sw": {
      "version": "4.3.0",
      "resolved": "https://registry.npmjs.org/@types/workbox-sw/-/workbox-sw-4.3.0.tgz",
      "integrity": "sha512-PX4CQq+MH1ET94o6AE5GsLQ57WznWFC8eoXYIRUKv4vSFQFRDmlSRRonyFHlcdNhE9skKJBjxapUt4PPit0L1g==",
      "dev": true,
      "requires": {
        "@types/workbox-background-sync": "*",
        "@types/workbox-broadcast-update": "*",
        "@types/workbox-cacheable-response": "*",
        "@types/workbox-core": "*",
        "@types/workbox-expiration": "*",
        "@types/workbox-google-analytics": "*",
        "@types/workbox-navigation-preload": "*",
        "@types/workbox-precaching": "*",
        "@types/workbox-range-requests": "*",
        "@types/workbox-routing": "*",
        "@types/workbox-strategies": "*",
        "@types/workbox-streams": "*"
      }
    },
    "asap": {
      "version": "2.0.6",
      "resolved": "https://registry.npmjs.org/asap/-/asap-2.0.6.tgz",
      "integrity": "sha1-5QNHYR1+aQlDIIu9r+vLwvuGbUY="
    },
    "create-react-context": {
      "version": "0.2.3",
      "resolved": "https://registry.npmjs.org/create-react-context/-/create-react-context-0.2.3.tgz",
      "integrity": "sha512-CQBmD0+QGgTaxDL3OX1IDXYqjkp2It4RIbcb99jS6AEg27Ga+a9G3JtK6SIu0HBwPLZlmwt9F7UwWA4Bn92Rag==",
      "requires": {
        "fbjs": "^0.8.0",
        "gud": "^1.0.0"
      }
    },
    "csstype": {
      "version": "2.6.8",
      "resolved": "https://registry.npmjs.org/csstype/-/csstype-2.6.8.tgz",
      "integrity": "sha512-msVS9qTuMT5zwAGCVm4mxfrZ18BNc6Csd0oJAtiFMZ1FAx1CCvy2+5MDmYoix63LM/6NDbNtodCiGYGmFgO0dA==",
      "dev": true
    },
    "encoding": {
      "version": "0.1.12",
      "resolved": "https://registry.npmjs.org/encoding/-/encoding-0.1.12.tgz",
      "integrity": "sha1-U4tm8+5izRq1HsMjgp0flIDHS+s=",
      "requires": {
        "iconv-lite": "~0.4.13"
      }
    },
    "fbjs": {
      "version": "0.8.17",
      "resolved": "https://registry.npmjs.org/fbjs/-/fbjs-0.8.17.tgz",
      "integrity": "sha1-xNWY6taUkRJlPWWIsBpc3Nn5D90=",
      "requires": {
        "core-js": "^1.0.0",
        "isomorphic-fetch": "^2.1.1",
        "loose-envify": "^1.0.0",
        "object-assign": "^4.1.0",
        "promise": "^7.1.1",
        "setimmediate": "^1.0.5",
        "ua-parser-js": "^0.7.18"
      },
      "dependencies": {
        "core-js": {
          "version": "1.2.7",
          "resolved": "https://registry.npmjs.org/core-js/-/core-js-1.2.7.tgz",
          "integrity": "sha1-ZSKUwUZR2yj6k70tX/KYOk8IxjY="
        }
      }
    },
    "gud": {
      "version": "1.0.0",
      "resolved": "https://registry.npmjs.org/gud/-/gud-1.0.0.tgz",
      "integrity": "sha512-zGEOVKFM5sVPPrYs7J5/hYEw2Pof8KCyOwyhG8sAF26mCAeUFAcYPu1mwB7hhpIP29zOIBaDqwuHdLp0jvZXjw=="
    },
    "iconv-lite": {
      "version": "0.4.24",
      "resolved": "https://registry.npmjs.org/iconv-lite/-/iconv-lite-0.4.24.tgz",
      "integrity": "sha512-v3MXnZAcvnywkTUEZomIActle7RXXeedOR31wwl7VlyoXO4Qi9arvSenNQWne1TcRwhCL1HwLI21bEqdpj8/rA==",
      "requires": {
        "safer-buffer": ">= 2.1.2 < 3"
      }
    },
    "invariant": {
      "version": "2.2.4",
      "resolved": "https://registry.npmjs.org/invariant/-/invariant-2.2.4.tgz",
      "integrity": "sha512-phJfQVBuaJM5raOpJjSfkiD6BpbCE4Ns//LaXl6wGYtUBY83nWS6Rf9tXm2e8VaK60JEjYldbPif/A2B1C2gNA==",
      "requires": {
        "loose-envify": "^1.0.0"
      }
    },
    "isomorphic-fetch": {
      "version": "2.2.1",
      "resolved": "https://registry.npmjs.org/isomorphic-fetch/-/isomorphic-fetch-2.2.1.tgz",
      "integrity": "sha1-YRrhrPFPXoH3KVB0coGf6XM1WKk=",
      "requires": {
        "node-fetch": "^1.0.1",
        "whatwg-fetch": ">=0.10.0"
      },
      "dependencies": {
        "is-stream": {
          "version": "1.1.0",
          "resolved": "https://registry.npmjs.org/is-stream/-/is-stream-1.1.0.tgz",
          "integrity": "sha1-EtSj3U5o4Lec6428hBc66A2RykQ="
        },
        "node-fetch": {
          "version": "1.7.3",
          "resolved": "https://registry.npmjs.org/node-fetch/-/node-fetch-1.7.3.tgz",
          "integrity": "sha512-NhZ4CsKx7cYm2vSrBAr2PvFOe6sWDf0UYLRqA6svUYg7+/TSfVAu49jYC4BvQ4Sms9SZgdqGBgroqfDhJdTyKQ==",
          "requires": {
            "encoding": "^0.1.11",
            "is-stream": "^1.0.1"
          }
        }
      }
    },
    "js-tokens": {
      "version": "4.0.0",
      "resolved": "https://registry.npmjs.org/js-tokens/-/js-tokens-4.0.0.tgz",
      "integrity": "sha512-RdJUflcE3cUzKiMqQgsCu06FPu9UdIJO0beYbPhHN4k6apgJtifcoCtT9bcxOpYBtpD2kCM6Sbzg4CausW/PKQ=="
    },
    "loose-envify": {
      "version": "1.4.0",
      "resolved": "https://registry.npmjs.org/loose-envify/-/loose-envify-1.4.0.tgz",
      "integrity": "sha512-lyuxPGr/Wfhrlem2CL/UcnUc1zcqKAImBDzukY7Y5F/yQiNdko6+fRLevlw1HgMySw7f611UIY408EtxRSoK3Q==",
      "requires": {
        "js-tokens": "^3.0.0 || ^4.0.0"
      }
    },
    "object-assign": {
      "version": "4.1.1",
      "resolved": "https://registry.npmjs.org/object-assign/-/object-assign-4.1.1.tgz",
      "integrity": "sha1-IQmtx5ZYh8/AXLvUQsrIv7s2CGM="
    },
    "promise": {
      "version": "7.3.1",
      "resolved": "https://registry.npmjs.org/promise/-/promise-7.3.1.tgz",
      "integrity": "sha512-nolQXZ/4L+bP/UGlkfaIujX9BKxGwmQ9OT4mOt5yvy8iK1h3wqTEJCijzGANTCCl9nWjY41juyAn2K3Q1hLLTg==",
      "requires": {
        "asap": "~2.0.3"
      }
    },
    "prop-types": {
      "version": "15.7.2",
      "resolved": "https://registry.npmjs.org/prop-types/-/prop-types-15.7.2.tgz",
      "integrity": "sha512-8QQikdH7//R2vurIJSutZ1smHYTcLpRWEOlHnzcWHmBYrOGUysKwSsrC89BCiFj3CbrfJ/nXFdJepOVrY1GCHQ==",
      "requires": {
        "loose-envify": "^1.4.0",
        "object-assign": "^4.1.1",
        "react-is": "^16.8.1"
      }
    },
    "react": {
      "version": "16.12.0",
      "resolved": "https://registry.npmjs.org/react/-/react-16.12.0.tgz",
      "integrity": "sha512-fglqy3k5E+81pA8s+7K0/T3DBCF0ZDOher1elBFzF7O6arXJgzyu/FW+COxFvAWXJoJN9KIZbT2LXlukwphYTA==",
      "requires": {
        "loose-envify": "^1.1.0",
        "object-assign": "^4.1.1",
        "prop-types": "^15.6.2"
      }
    },
    "react-dom": {
      "version": "16.12.0",
      "resolved": "https://registry.npmjs.org/react-dom/-/react-dom-16.12.0.tgz",
      "integrity": "sha512-LMxFfAGrcS3kETtQaCkTKjMiifahaMySFDn71fZUNpPHZQEzmk/GiAeIT8JSOrHB23fnuCOMruL2a8NYlw+8Gw==",
      "requires": {
        "loose-envify": "^1.1.0",
        "object-assign": "^4.1.1",
        "prop-types": "^15.6.2",
        "scheduler": "^0.18.0"
      }
    },
    "react-is": {
      "version": "16.12.0",
      "resolved": "https://registry.npmjs.org/react-is/-/react-is-16.12.0.tgz",
      "integrity": "sha512-rPCkf/mWBtKc97aLL9/txD8DZdemK0vkA3JMLShjlJB3Pj3s+lpf1KaBzMfQrAmhMQB0n1cU/SUGgKKBCe837Q=="
    },
    "react-lifecycles-compat": {
      "version": "3.0.4",
      "resolved": "https://registry.npmjs.org/react-lifecycles-compat/-/react-lifecycles-compat-3.0.4.tgz",
      "integrity": "sha512-fBASbA6LnOU9dOU2eW7aQ8xmYBSXUIWr+UmF9b1efZBazGNO+rcXT/icdKnYm2pTwcRylVUYwW7H1PHfLekVzA=="
    },
    "safer-buffer": {
      "version": "2.1.2",
      "resolved": "https://registry.npmjs.org/safer-buffer/-/safer-buffer-2.1.2.tgz",
      "integrity": "sha512-YZo3K82SD7Riyi0E1EQPojLz7kpepnSQI9IyPbHHg1XXXevb5dJI7tpyN2ADxGcQbHG7vcyRHk0cbwqcQriUtg=="
    },
    "scheduler": {
      "version": "0.18.0",
      "resolved": "https://registry.npmjs.org/scheduler/-/scheduler-0.18.0.tgz",
      "integrity": "sha512-agTSHR1Nbfi6ulI0kYNK0203joW2Y5W4po4l+v03tOoiJKpTBbxpNhWDvqc/4IcOw+KLmSiQLTasZ4cab2/UWQ==",
      "requires": {
        "loose-envify": "^1.1.0",
        "object-assign": "^4.1.1"
      }
    },
    "setimmediate": {
      "version": "1.0.5",
      "resolved": "https://registry.npmjs.org/setimmediate/-/setimmediate-1.0.5.tgz",
      "integrity": "sha1-KQy7Iy4waULX1+qbg3Mqt4VvgoU="
    },
    "ua-parser-js": {
      "version": "0.7.20",
      "resolved": "https://registry.npmjs.org/ua-parser-js/-/ua-parser-js-0.7.20.tgz",
      "integrity": "sha512-8OaIKfzL5cpx8eCMAhhvTlft8GYF8b2eQr6JkCyVdrgjcytyOmPCXrqXFcUnhonRpLlh5yxEZVohm6mzaowUOw=="
    },
    "warning": {
      "version": "3.0.0",
      "resolved": "https://registry.npmjs.org/warning/-/warning-3.0.0.tgz",
      "integrity": "sha1-MuU3fLVy3kqwR1O9+IIcAe1gW3w=",
      "requires": {
        "loose-envify": "^1.0.0"
      }
    },
    "whatwg-fetch": {
      "version": "3.0.0",
      "resolved": "https://registry.npmjs.org/whatwg-fetch/-/whatwg-fetch-3.0.0.tgz",
      "integrity": "sha512-9GSJUgz1D4MfyKU7KRqwOjXCXTqWdFNvEr7eUBYchQiVc744mqK/MzXPNR2WsPkmkOa4ywfg8C2n8h+13Bey1Q=="
    }
  }
}
